
Microsoft Visual Studio Solution File, Format Version 12.00
# Visual Studio Version 17
VisualStudioVersion = 17.2.32526.322
MinimumVisualStudioVersion = 10.0.40219.1
Project("{FAE04EC0-301F-11D3-BF4B-00C04F79EFBC}") = "LearnCodeFirstApproach", "LearnCodeFirstApproach.csproj", "{960F6B92-6E95-4E55-B700-DBF1FD6803A7}"
EndProject
Global
	GlobalSection(SolutionConfigurationPlatforms) = preSolution
		Debug|Any CPU = Debug|Any CPU
		Release|Any CPU = Release|Any CPU
	EndGlobalSection
	GlobalSection(ProjectConfigurationPlatforms) = postSolution
		{960F6B92-6E95-4E55-B700-DBF1FD6803A7}.Debug|Any CPU.ActiveCfg = Debug|Any CPU
		{960F6B92-6E95-4E55-B700-DBF1FD6803A7}.Debug|Any CPU.Build.0 = Debug|Any CPU
		{960F6B92-6E95-4E55-B700-DBF1FD6803A7}.Release|Any CPU.ActiveCfg = Release|Any CPU
		{960F6B92-6E95-4E55-B700-DBF1FD6803A7}.Release|Any CPU.Build.0 = Release|Any CPU
	EndGlobalSection
	GlobalSection(SolutionProperties) = preSolution
		HideSolutionNode = FALSE
	EndGlobalSection
	GlobalSection(ExtensibilityGlobals) = postSolution
		SolutionGuid = {845238F8-F83C-4868-91F4-C13D3A29746A}
	EndGlobalSection
EndGlobal
